
Microsoft Visual Studio Solution File, Format Version 12.00
# Visual Studio 14
VisualStudioVersion = 14.0.23107.0
MinimumVisualStudioVersion = 10.0.40219.1
Project("{2150E333-8FDC-42A3-9474-1A3956D46DE8}") = "Data", "Data", "{26A24783-E19E-47B4-95A3-0E8F78525971}"
EndProject
Project("{FAE04EC0-301F-11D3-BF4B-00C04F79EFBC}") = "MySurveys.Data", "Data\MySurveys.Data\MySurveys.Data.csproj", "{0584F75C-9E76-4C0E-9A5A-6DB1B37EDE11}"
EndProject
Project("{FAE04EC0-301F-11D3-BF4B-00C04F79EFBC}") = "MySurveys.Models", "Data\MySurveys.Models\MySurveys.Models.csproj", "{AD5791CC-286F-4E27-83E8-BCFDA1952DF9}"
EndProject
Project("{2150E333-8FDC-42A3-9474-1A3956D46DE8}") = "Web", "Web", "{3967935B-AD30-4F68-A14E-C3A49AB4EC6A}"
EndProject
Project("{FAE04EC0-301F-11D3-BF4B-00C04F79EFBC}") = "MySurveys.Data.Common", "Data\MySurveys.Data.Common\MySurveys.Data.Common.csproj", "{F7403E59-5BFC-4A34-859C-675C4E1D3C39}"
EndProject
Project("{FAE04EC0-301F-11D3-BF4B-00C04F79EFBC}") = "MySurveys.Web.Infrastructure", "Web\MySurveys.Web.Infrastructure\MySurveys.Web.Infrastructure.csproj", "{C2370768-4539-4D6E-856C-D94F830B59F7}"
EndProject
Project("{FAE04EC0-301F-11D3-BF4B-00C04F79EFBC}") = "MySurveys.Services", "Data\MySurveys.Services\MySurveys.Services.csproj", "{4B71D543-7340-42A8-9940-43D06204FAAC}"
EndProject
Project("{FAE04EC0-301F-11D3-BF4B-00C04F79EFBC}") = "MySurveys.Web", "Web\MySurveys.Web\MySurveys.Web.csproj", "{416406EB-FBCF-4BE7-A643-F360C3C2218B}"
EndProject
Project("{2150E333-8FDC-42A3-9474-1A3956D46DE8}") = "Common", "Common", "{AA050394-5EE0-4DD6-841C-D80E4A56846F}"
EndProject
Project("{FAE04EC0-301F-11D3-BF4B-00C04F79EFBC}") = "MySurveys.Common", "Common\MySurveys.Common\MySurveys.Common.csproj", "{5ACB35A6-EBE2-4B56-BA1C-E6F2E1AABB89}"
EndProject
Global
	GlobalSection(SolutionConfigurationPlatforms) = preSolution
		Debug|Any CPU = Debug|Any CPU
		Release|Any CPU = Release|Any CPU
	EndGlobalSection
	GlobalSection(ProjectConfigurationPlatforms) = postSolution
		{0584F75C-9E76-4C0E-9A5A-6DB1B37EDE11}.Debug|Any CPU.ActiveCfg = Debug|Any CPU
		{0584F75C-9E76-4C0E-9A5A-6DB1B37EDE11}.Debug|Any CPU.Build.0 = Debug|Any CPU
		{0584F75C-9E76-4C0E-9A5A-6DB1B37EDE11}.Release|Any CPU.ActiveCfg = Release|Any CPU
		{0584F75C-9E76-4C0E-9A5A-6DB1B37EDE11}.Release|Any CPU.Build.0 = Release|Any CPU
		{AD5791CC-286F-4E27-83E8-BCFDA1952DF9}.Debug|Any CPU.ActiveCfg = Debug|Any CPU
		{AD5791CC-286F-4E27-83E8-BCFDA1952DF9}.Debug|Any CPU.Build.0 = Debug|Any CPU
		{AD5791CC-286F-4E27-83E8-BCFDA1952DF9}.Release|Any CPU.ActiveCfg = Release|Any CPU
		{AD5791CC-286F-4E27-83E8-BCFDA1952DF9}.Release|Any CPU.Build.0 = Release|Any CPU
		{F7403E59-5BFC-4A34-859C-675C4E1D3C39}.Debug|Any CPU.ActiveCfg = Debug|Any CPU
		{F7403E59-5BFC-4A34-859C-675C4E1D3C39}.Debug|Any CPU.Build.0 = Debug|Any CPU
		{F7403E59-5BFC-4A34-859C-675C4E1D3C39}.Release|Any CPU.ActiveCfg = Release|Any CPU
		{F7403E59-5BFC-4A34-859C-675C4E1D3C39}.Release|Any CPU.Build.0 = Release|Any CPU
		{C2370768-4539-4D6E-856C-D94F830B59F7}.Debug|Any CPU.ActiveCfg = Debug|Any CPU
		{C2370768-4539-4D6E-856C-D94F830B59F7}.Debug|Any CPU.Build.0 = Debug|Any CPU
		{C2370768-4539-4D6E-856C-D94F830B59F7}.Release|Any CPU.ActiveCfg = Release|Any CPU
		{C2370768-4539-4D6E-856C-D94F830B59F7}.Release|Any CPU.Build.0 = Release|Any CPU
		{4B71D543-7340-42A8-9940-43D06204FAAC}.Debug|Any CPU.ActiveCfg = Debug|Any CPU
		{4B71D543-7340-42A8-9940-43D06204FAAC}.Debug|Any CPU.Build.0 = Debug|Any CPU
		{4B71D543-7340-42A8-9940-43D06204FAAC}.Release|Any CPU.ActiveCfg = Release|Any CPU
		{4B71D543-7340-42A8-9940-43D06204FAAC}.Release|Any CPU.Build.0 = Release|Any CPU
		{416406EB-FBCF-4BE7-A643-F360C3C2218B}.Debug|Any CPU.ActiveCfg = Debug|Any CPU
		{416406EB-FBCF-4BE7-A643-F360C3C2218B}.Debug|Any CPU.Build.0 = Debug|Any CPU
		{416406EB-FBCF-4BE7-A643-F360C3C2218B}.Release|Any CPU.ActiveCfg = Release|Any CPU
		{416406EB-FBCF-4BE7-A643-F360C3C2218B}.Release|Any CPU.Build.0 = Release|Any CPU
		{5ACB35A6-EBE2-4B56-BA1C-E6F2E1AABB89}.Debug|Any CPU.ActiveCfg = Debug|Any CPU
		{5ACB35A6-EBE2-4B56-BA1C-E6F2E1AABB89}.Debug|Any CPU.Build.0 = Debug|Any CPU
		{5ACB35A6-EBE2-4B56-BA1C-E6F2E1AABB89}.Release|Any CPU.ActiveCfg = Release|Any CPU
		{5ACB35A6-EBE2-4B56-BA1C-E6F2E1AABB89}.Release|Any CPU.Build.0 = Release|Any CPU
	EndGlobalSection
	GlobalSection(SolutionProperties) = preSolution
		HideSolutionNode = FALSE
	EndGlobalSection
	GlobalSection(NestedProjects) = preSolution
		{0584F75C-9E76-4C0E-9A5A-6DB1B37EDE11} = {26A24783-E19E-47B4-95A3-0E8F78525971}
		{AD5791CC-286F-4E27-83E8-BCFDA1952DF9} = {26A24783-E19E-47B4-95A3-0E8F78525971}
		{F7403E59-5BFC-4A34-859C-675C4E1D3C39} = {26A24783-E19E-47B4-95A3-0E8F78525971}
		{C2370768-4539-4D6E-856C-D94F830B59F7} = {3967935B-AD30-4F68-A14E-C3A49AB4EC6A}
		{4B71D543-7340-42A8-9940-43D06204FAAC} = {26A24783-E19E-47B4-95A3-0E8F78525971}
		{416406EB-FBCF-4BE7-A643-F360C3C2218B} = {3967935B-AD30-4F68-A14E-C3A49AB4EC6A}
		{5ACB35A6-EBE2-4B56-BA1C-E6F2E1AABB89} = {AA050394-5EE0-4DD6-841C-D80E4A56846F}
	EndGlobalSection
EndGlobal
